// !$*UTF8*$!
{
	archiveVersion = 1;
	classes = {
	};
	objectVersion = 56;
	objects = {

/* Begin PBXBuildFile section */
		4F2EFCA32C452B0B000FEBFD /* LocationManager.swift in Sources */ = {isa = PBXBuildFile; fileRef = 4F2EFCA22C452B0B000FEBFD /* LocationManager.swift */; };
		4F3AD4C82C4E82CF005BB774 /* UDKey.swift in Sources */ = {isa = PBXBuildFile; fileRef = 4F3AD4C72C4E82CF005BB774 /* UDKey.swift */; };
		4F3AD4CB2C4E84DE005BB774 /* WeatherCard.swift in Sources */ = {isa = PBXBuildFile; fileRef = 4F3AD4CA2C4E84DE005BB774 /* WeatherCard.swift */; };
		4F3AD4CD2C4E84F7005BB774 /* WeatherCardForecast.swift in Sources */ = {isa = PBXBuildFile; fileRef = 4F3AD4CC2C4E84F7005BB774 /* WeatherCardForecast.swift */; };
		4F3AD4CF2C4E8531005BB774 /* WeatherExtraInfo.swift in Sources */ = {isa = PBXBuildFile; fileRef = 4F3AD4CE2C4E8531005BB774 /* WeatherExtraInfo.swift */; };
		4F3AD4D12C4E8539005BB774 /* WeatherScreen.swift in Sources */ = {isa = PBXBuildFile; fileRef = 4F3AD4D02C4E8539005BB774 /* WeatherScreen.swift */; };
		4F3AD4D32C4E854B005BB774 /* WeatherScrollHeader.swift in Sources */ = {isa = PBXBuildFile; fileRef = 4F3AD4D22C4E854B005BB774 /* WeatherScrollHeader.swift */; };
		4F3AD4D72C4E85AB005BB774 /* ScrollOffsetKey.swift in Sources */ = {isa = PBXBuildFile; fileRef = 4F3AD4D62C4E85AB005BB774 /* ScrollOffsetKey.swift */; };
		4F3AD4D92C4E85C7005BB774 /* BackgroundView.swift in Sources */ = {isa = PBXBuildFile; fileRef = 4F3AD4D82C4E85C7005BB774 /* BackgroundView.swift */; };
		4F3AD4DB2C4E86AA005BB774 /* MainScreen.swift in Sources */ = {isa = PBXBuildFile; fileRef = 4F3AD4DA2C4E86AA005BB774 /* MainScreen.swift */; };
		4F3AD4DE2C4E87C6005BB774 /* TipCard.swift in Sources */ = {isa = PBXBuildFile; fileRef = 4F3AD4DD2C4E87C6005BB774 /* TipCard.swift */; };
		4F3AD4E02C4E87D0005BB774 /* TipDetail.swift in Sources */ = {isa = PBXBuildFile; fileRef = 4F3AD4DF2C4E87D0005BB774 /* TipDetail.swift */; };
		4F3AD4E22C4E8FD4005BB774 /* PlantsScreen.swift in Sources */ = {isa = PBXBuildFile; fileRef = 4F3AD4E12C4E8FD4005BB774 /* PlantsScreen.swift */; };
		4F3AD4E52C4E8FE2005BB774 /* PlantRow.swift in Sources */ = {isa = PBXBuildFile; fileRef = 4F3AD4E42C4E8FE2005BB774 /* PlantRow.swift */; };
		4F3AD4ED2C4E9AD6005BB774 /* ZapdosKit in Frameworks */ = {isa = PBXBuildFile; productRef = 4F3AD4EC2C4E9AD6005BB774 /* ZapdosKit */; };
		4F557AC62C4FA87500C744F1 /* WaterRequirementButtons.swift in Sources */ = {isa = PBXBuildFile; fileRef = 4F557AC52C4FA87500C744F1 /* WaterRequirementButtons.swift */; };
		4F557AC82C4FA98900C744F1 /* PlantImage.swift in Sources */ = {isa = PBXBuildFile; fileRef = 4F557AC72C4FA98900C744F1 /* PlantImage.swift */; };
		4F557ACA2C4FC99500C744F1 /* BBTextfieldStyle.swift in Sources */ = {isa = PBXBuildFile; fileRef = 4F557AC92C4FC99500C744F1 /* BBTextfieldStyle.swift */; };
		4F557ACC2C4FCB3800C744F1 /* BBTextField.swift in Sources */ = {isa = PBXBuildFile; fileRef = 4F557ACB2C4FCB3800C744F1 /* BBTextField.swift */; };
		4F557ACE2C4FCE9400C744F1 /* BBNumberField.swift in Sources */ = {isa = PBXBuildFile; fileRef = 4F557ACD2C4FCE9400C744F1 /* BBNumberField.swift */; };
		4F557AD12C4FD32400C744F1 /* PlantList.swift in Sources */ = {isa = PBXBuildFile; fileRef = 4F557AD02C4FD32400C744F1 /* PlantList.swift */; };
		4F557AE12C51AA9800C744F1 /* FlipView.swift in Sources */ = {isa = PBXBuildFile; fileRef = 4F557AE02C51AA9800C744F1 /* FlipView.swift */; };
		4F557AE32C51AAE000C744F1 /* PlantRowFront.swift in Sources */ = {isa = PBXBuildFile; fileRef = 4F557AE22C51AAE000C744F1 /* PlantRowFront.swift */; };
		4F557AE52C51ABD700C744F1 /* PlantRowBack.swift in Sources */ = {isa = PBXBuildFile; fileRef = 4F557AE42C51ABD700C744F1 /* PlantRowBack.swift */; };
		4F69B9382C452D6E005F544E /* CLLocationCoordinate2D.swift in Sources */ = {isa = PBXBuildFile; fileRef = 4F69B9372C452D6E005F544E /* CLLocationCoordinate2D.swift */; };
		4F69B93E2C454126005F544E /* Launch Screen.storyboard in Resources */ = {isa = PBXBuildFile; fileRef = 4F69B93D2C454126005F544E /* Launch Screen.storyboard */; };
		4F75873D2C4F0D6D00474424 /* PlantDetailAdd.swift in Sources */ = {isa = PBXBuildFile; fileRef = 4F75873C2C4F0D6D00474424 /* PlantDetailAdd.swift */; };
		4F90F8542C44752200B57F3D /* Mammut in Frameworks */ = {isa = PBXBuildFile; productRef = 4F90F8532C44752200B57F3D /* Mammut */; };
		4F90F8572C44752C00B57F3D /* SwiftChameleon in Frameworks */ = {isa = PBXBuildFile; productRef = 4F90F8562C44752C00B57F3D /* SwiftChameleon */; };
		A62540A42C52D7900010C299 /* Plant.swift in Sources */ = {isa = PBXBuildFile; fileRef = A62540A32C52D7900010C299 /* Plant.swift */; };
		A62540A62C52D9810010C299 /* PlantCollection.swift in Sources */ = {isa = PBXBuildFile; fileRef = A62540A52C52D9810010C299 /* PlantCollection.swift */; };
		A6660FA12C53E9B800816CD9 /* SwiftyCrop in Frameworks */ = {isa = PBXBuildFile; productRef = A6660FA02C53E9B800816CD9 /* SwiftyCrop */; };
		A6660FA32C53EB8300816CD9 /* Image.swift in Sources */ = {isa = PBXBuildFile; fileRef = A6660FA22C53EB8300816CD9 /* Image.swift */; };
		A6660FA52C53FE8800816CD9 /* CameraManager.swift in Sources */ = {isa = PBXBuildFile; fileRef = A6660FA42C53FE8800816CD9 /* CameraManager.swift */; };
		A6660FA72C5400BD00816CD9 /* CMSampleBuffer.swift in Sources */ = {isa = PBXBuildFile; fileRef = A6660FA62C5400BD00816CD9 /* CMSampleBuffer.swift */; };
		A6660FA92C5400F900816CD9 /* CoreImage.swift in Sources */ = {isa = PBXBuildFile; fileRef = A6660FA82C5400F900816CD9 /* CoreImage.swift */; };
		A6660FAB2C5401B200816CD9 /* CameraVM.swift in Sources */ = {isa = PBXBuildFile; fileRef = A6660FAA2C5401B100816CD9 /* CameraVM.swift */; };
		A6660FAD2C5401F900816CD9 /* CameraView.swift in Sources */ = {isa = PBXBuildFile; fileRef = A6660FAC2C5401F900816CD9 /* CameraView.swift */; };
		A67CA1EB2C4877F3005F3856 /* ExistingPlants.json in Resources */ = {isa = PBXBuildFile; fileRef = A689F7D62C485D08006AA97F /* ExistingPlants.json */; };
		A689F7D72C485D08006AA97F /* ExistingPlants.json in Sources */ = {isa = PBXBuildFile; fileRef = A689F7D62C485D08006AA97F /* ExistingPlants.json */; };
		A689F7E02C4860C1006AA97F /* GrowthStage.swift in Sources */ = {isa = PBXBuildFile; fileRef = A689F7DF2C4860C1006AA97F /* GrowthStage.swift */; };
		A689F7E22C4860F7006AA97F /* WaterRequirement.swift in Sources */ = {isa = PBXBuildFile; fileRef = A689F7E12C4860F7006AA97F /* WaterRequirement.swift */; };
		A6DFF80D2C43E443002FD86A /* BloomBuddyApp.swift in Sources */ = {isa = PBXBuildFile; fileRef = A6DFF80C2C43E443002FD86A /* BloomBuddyApp.swift */; };
		A6DFF8112C43E445002FD86A /* Assets.xcassets in Resources */ = {isa = PBXBuildFile; fileRef = A6DFF8102C43E445002FD86A /* Assets.xcassets */; };
		A6DFF8152C43E445002FD86A /* Preview Assets.xcassets in Resources */ = {isa = PBXBuildFile; fileRef = A6DFF8142C43E445002FD86A /* Preview Assets.xcassets */; };
/* End PBXBuildFile section */

/* Begin PBXCopyFilesBuildPhase section */
		A689F7E42C48621E006AA97F /* Embed Frameworks */ = {
			isa = PBXCopyFilesBuildPhase;
			buildActionMask = 2147483647;
			dstPath = "";
			dstSubfolderSpec = 10;
			files = (
			);
			name = "Embed Frameworks";
			runOnlyForDeploymentPostprocessing = 0;
		};
/* End PBXCopyFilesBuildPhase section */

/* Begin PBXFileReference section */
		4F2EFCA22C452B0B000FEBFD /* LocationManager.swift */ = {isa = PBXFileReference; lastKnownFileType = sourcecode.swift; path = LocationManager.swift; sourceTree = "<group>"; };
		4F3AD4C72C4E82CF005BB774 /* UDKey.swift */ = {isa = PBXFileReference; lastKnownFileType = sourcecode.swift; path = UDKey.swift; sourceTree = "<group>"; };
		4F3AD4CA2C4E84DE005BB774 /* WeatherCard.swift */ = {isa = PBXFileReference; lastKnownFileType = sourcecode.swift; path = WeatherCard.swift; sourceTree = "<group>"; };
		4F3AD4CC2C4E84F7005BB774 /* WeatherCardForecast.swift */ = {isa = PBXFileReference; lastKnownFileType = sourcecode.swift; path = WeatherCardForecast.swift; sourceTree = "<group>"; };
		4F3AD4CE2C4E8531005BB774 /* WeatherExtraInfo.swift */ = {isa = PBXFileReference; lastKnownFileType = sourcecode.swift; path = WeatherExtraInfo.swift; sourceTree = "<group>"; };
		4F3AD4D02C4E8539005BB774 /* WeatherScreen.swift */ = {isa = PBXFileReference; lastKnownFileType = sourcecode.swift; path = WeatherScreen.swift; sourceTree = "<group>"; };
		4F3AD4D22C4E854B005BB774 /* WeatherScrollHeader.swift */ = {isa = PBXFileReference; lastKnownFileType = sourcecode.swift; path = WeatherScrollHeader.swift; sourceTree = "<group>"; };
		4F3AD4D62C4E85AB005BB774 /* ScrollOffsetKey.swift */ = {isa = PBXFileReference; lastKnownFileType = sourcecode.swift; path = ScrollOffsetKey.swift; sourceTree = "<group>"; };
		4F3AD4D82C4E85C7005BB774 /* BackgroundView.swift */ = {isa = PBXFileReference; lastKnownFileType = sourcecode.swift; path = BackgroundView.swift; sourceTree = "<group>"; };
		4F3AD4DA2C4E86AA005BB774 /* MainScreen.swift */ = {isa = PBXFileReference; lastKnownFileType = sourcecode.swift; path = MainScreen.swift; sourceTree = "<group>"; };
		4F3AD4DD2C4E87C6005BB774 /* TipCard.swift */ = {isa = PBXFileReference; lastKnownFileType = sourcecode.swift; path = TipCard.swift; sourceTree = "<group>"; };
		4F3AD4DF2C4E87D0005BB774 /* TipDetail.swift */ = {isa = PBXFileReference; lastKnownFileType = sourcecode.swift; path = TipDetail.swift; sourceTree = "<group>"; };
		4F3AD4E12C4E8FD4005BB774 /* PlantsScreen.swift */ = {isa = PBXFileReference; lastKnownFileType = sourcecode.swift; path = PlantsScreen.swift; sourceTree = "<group>"; };
		4F3AD4E42C4E8FE2005BB774 /* PlantRow.swift */ = {isa = PBXFileReference; lastKnownFileType = sourcecode.swift; path = PlantRow.swift; sourceTree = "<group>"; };
		4F557AC52C4FA87500C744F1 /* WaterRequirementButtons.swift */ = {isa = PBXFileReference; lastKnownFileType = sourcecode.swift; path = WaterRequirementButtons.swift; sourceTree = "<group>"; };
		4F557AC72C4FA98900C744F1 /* PlantImage.swift */ = {isa = PBXFileReference; lastKnownFileType = sourcecode.swift; path = PlantImage.swift; sourceTree = "<group>"; };
		4F557AC92C4FC99500C744F1 /* BBTextfieldStyle.swift */ = {isa = PBXFileReference; lastKnownFileType = sourcecode.swift; path = BBTextfieldStyle.swift; sourceTree = "<group>"; };
		4F557ACB2C4FCB3800C744F1 /* BBTextField.swift */ = {isa = PBXFileReference; lastKnownFileType = sourcecode.swift; path = BBTextField.swift; sourceTree = "<group>"; };
		4F557ACD2C4FCE9400C744F1 /* BBNumberField.swift */ = {isa = PBXFileReference; lastKnownFileType = sourcecode.swift; path = BBNumberField.swift; sourceTree = "<group>"; };
		4F557AD02C4FD32400C744F1 /* PlantList.swift */ = {isa = PBXFileReference; lastKnownFileType = sourcecode.swift; path = PlantList.swift; sourceTree = "<group>"; };
		4F557AE02C51AA9800C744F1 /* FlipView.swift */ = {isa = PBXFileReference; lastKnownFileType = sourcecode.swift; path = FlipView.swift; sourceTree = "<group>"; };
		4F557AE22C51AAE000C744F1 /* PlantRowFront.swift */ = {isa = PBXFileReference; lastKnownFileType = sourcecode.swift; path = PlantRowFront.swift; sourceTree = "<group>"; };
		4F557AE42C51ABD700C744F1 /* PlantRowBack.swift */ = {isa = PBXFileReference; lastKnownFileType = sourcecode.swift; path = PlantRowBack.swift; sourceTree = "<group>"; };
		4F69B9372C452D6E005F544E /* CLLocationCoordinate2D.swift */ = {isa = PBXFileReference; lastKnownFileType = sourcecode.swift; path = CLLocationCoordinate2D.swift; sourceTree = "<group>"; };
		4F69B93D2C454126005F544E /* Launch Screen.storyboard */ = {isa = PBXFileReference; lastKnownFileType = file.storyboard; path = "Launch Screen.storyboard"; sourceTree = "<group>"; };
		4F75873C2C4F0D6D00474424 /* PlantDetailAdd.swift */ = {isa = PBXFileReference; lastKnownFileType = sourcecode.swift; path = PlantDetailAdd.swift; sourceTree = "<group>"; };
		A62540A32C52D7900010C299 /* Plant.swift */ = {isa = PBXFileReference; lastKnownFileType = sourcecode.swift; path = Plant.swift; sourceTree = "<group>"; };
		A62540A52C52D9810010C299 /* PlantCollection.swift */ = {isa = PBXFileReference; lastKnownFileType = sourcecode.swift; path = PlantCollection.swift; sourceTree = "<group>"; };
		A6660FA22C53EB8300816CD9 /* Image.swift */ = {isa = PBXFileReference; lastKnownFileType = sourcecode.swift; path = Image.swift; sourceTree = "<group>"; };
		A6660FA42C53FE8800816CD9 /* CameraManager.swift */ = {isa = PBXFileReference; lastKnownFileType = sourcecode.swift; path = CameraManager.swift; sourceTree = "<group>"; };
		A6660FA62C5400BD00816CD9 /* CMSampleBuffer.swift */ = {isa = PBXFileReference; lastKnownFileType = sourcecode.swift; path = CMSampleBuffer.swift; sourceTree = "<group>"; };
		A6660FA82C5400F900816CD9 /* CoreImage.swift */ = {isa = PBXFileReference; lastKnownFileType = sourcecode.swift; path = CoreImage.swift; sourceTree = "<group>"; };
		A6660FAA2C5401B100816CD9 /* CameraVM.swift */ = {isa = PBXFileReference; lastKnownFileType = sourcecode.swift; path = CameraVM.swift; sourceTree = "<group>"; };
		A6660FAC2C5401F900816CD9 /* CameraView.swift */ = {isa = PBXFileReference; lastKnownFileType = sourcecode.swift; path = CameraView.swift; sourceTree = "<group>"; };
		A689F7D62C485D08006AA97F /* ExistingPlants.json */ = {isa = PBXFileReference; lastKnownFileType = text.json; path = ExistingPlants.json; sourceTree = "<group>"; };
		A689F7DF2C4860C1006AA97F /* GrowthStage.swift */ = {isa = PBXFileReference; lastKnownFileType = sourcecode.swift; path = GrowthStage.swift; sourceTree = "<group>"; };
		A689F7E12C4860F7006AA97F /* WaterRequirement.swift */ = {isa = PBXFileReference; lastKnownFileType = sourcecode.swift; path = WaterRequirement.swift; sourceTree = "<group>"; };
		A6DFF8092C43E443002FD86A /* BloomBuddy.app */ = {isa = PBXFileReference; explicitFileType = wrapper.application; includeInIndex = 0; path = BloomBuddy.app; sourceTree = BUILT_PRODUCTS_DIR; };
		A6DFF80C2C43E443002FD86A /* BloomBuddyApp.swift */ = {isa = PBXFileReference; lastKnownFileType = sourcecode.swift; path = BloomBuddyApp.swift; sourceTree = "<group>"; };
		A6DFF8102C43E445002FD86A /* Assets.xcassets */ = {isa = PBXFileReference; lastKnownFileType = folder.assetcatalog; path = Assets.xcassets; sourceTree = "<group>"; };
		A6DFF8122C43E445002FD86A /* BloomBuddy.entitlements */ = {isa = PBXFileReference; lastKnownFileType = text.plist.entitlements; path = BloomBuddy.entitlements; sourceTree = "<group>"; };
		A6DFF8142C43E445002FD86A /* Preview Assets.xcassets */ = {isa = PBXFileReference; lastKnownFileType = folder.assetcatalog; path = "Preview Assets.xcassets"; sourceTree = "<group>"; };
/* End PBXFileReference section */

/* Begin PBXFrameworksBuildPhase section */
		A6DFF8062C43E443002FD86A /* Frameworks */ = {
			isa = PBXFrameworksBuildPhase;
			buildActionMask = 2147483647;
			files = (
				A6660FA12C53E9B800816CD9 /* SwiftyCrop in Frameworks */,
				4F90F8542C44752200B57F3D /* Mammut in Frameworks */,
				4F3AD4ED2C4E9AD6005BB774 /* ZapdosKit in Frameworks */,
				4F90F8572C44752C00B57F3D /* SwiftChameleon in Frameworks */,
			);
			runOnlyForDeploymentPostprocessing = 0;
		};
/* End PBXFrameworksBuildPhase section */

/* Begin PBXGroup section */
		4F2EFCA12C45256B000FEBFD /* Manager */ = {
			isa = PBXGroup;
			children = (
				4F2EFCA22C452B0B000FEBFD /* LocationManager.swift */,
				A6660FA42C53FE8800816CD9 /* CameraManager.swift */,
			);
			path = Manager;
			sourceTree = "<group>";
		};
		4F3AD4C52C4E8269005BB774 /* App */ = {
			isa = PBXGroup;
			children = (
				4F3AD4E32C4E8FD8005BB774 /* Plants */,
				4F3AD4DC2C4E87BF005BB774 /* Tip */,
				4F3AD4C92C4E84CB005BB774 /* Weather */,
				4F3AD4C62C4E8276005BB774 /* Main */,
			);
			path = App;
			sourceTree = "<group>";
		};
		4F3AD4C62C4E8276005BB774 /* Main */ = {
			isa = PBXGroup;
			children = (
				A6DFF80C2C43E443002FD86A /* BloomBuddyApp.swift */,
				4F3AD4DA2C4E86AA005BB774 /* MainScreen.swift */,
			);
			path = Main;
			sourceTree = "<group>";
		};
		4F3AD4C92C4E84CB005BB774 /* Weather */ = {
			isa = PBXGroup;
			children = (
				4F3AD4D02C4E8539005BB774 /* WeatherScreen.swift */,
				4F3AD4CA2C4E84DE005BB774 /* WeatherCard.swift */,
				4F3AD4CC2C4E84F7005BB774 /* WeatherCardForecast.swift */,
				4F3AD4CE2C4E8531005BB774 /* WeatherExtraInfo.swift */,
				4F3AD4D22C4E854B005BB774 /* WeatherScrollHeader.swift */,
			);
			path = Weather;
			sourceTree = "<group>";
		};
		4F3AD4D42C4E8594005BB774 /* UIComponents */ = {
			isa = PBXGroup;
			children = (
				4F557ACF2C4FCE9800C744F1 /* Textfields */,
				4F3AD4D82C4E85C7005BB774 /* BackgroundView.swift */,
				4F557AE02C51AA9800C744F1 /* FlipView.swift */,
			);
			path = UIComponents;
			sourceTree = "<group>";
		};
		4F3AD4D52C4E8599005BB774 /* Keys */ = {
			isa = PBXGroup;
			children = (
				4F3AD4D62C4E85AB005BB774 /* ScrollOffsetKey.swift */,
			);
			path = Keys;
			sourceTree = "<group>";
		};
		4F3AD4DC2C4E87BF005BB774 /* Tip */ = {
			isa = PBXGroup;
			children = (
				4F3AD4DD2C4E87C6005BB774 /* TipCard.swift */,
				4F3AD4DF2C4E87D0005BB774 /* TipDetail.swift */,
			);
			path = Tip;
			sourceTree = "<group>";
		};
		4F3AD4E32C4E8FD8005BB774 /* Plants */ = {
			isa = PBXGroup;
			children = (
				4F557AC42C4FA85E00C744F1 /* Detail */,
				4F3AD4E12C4E8FD4005BB774 /* PlantsScreen.swift */,
				4F3AD4E42C4E8FE2005BB774 /* PlantRow.swift */,
				4F557AC72C4FA98900C744F1 /* PlantImage.swift */,
				4F557AD02C4FD32400C744F1 /* PlantList.swift */,
				4F557AE22C51AAE000C744F1 /* PlantRowFront.swift */,
				4F557AE42C51ABD700C744F1 /* PlantRowBack.swift */,
			);
			path = Plants;
			sourceTree = "<group>";
		};
		4F557AC42C4FA85E00C744F1 /* Detail */ = {
			isa = PBXGroup;
			children = (
				4F75873C2C4F0D6D00474424 /* PlantDetailAdd.swift */,
				4F557AC52C4FA87500C744F1 /* WaterRequirementButtons.swift */,
				A6660FAA2C5401B100816CD9 /* CameraVM.swift */,
				A6660FAC2C5401F900816CD9 /* CameraView.swift */,
			);
			path = Detail;
			sourceTree = "<group>";
		};
		4F557ACF2C4FCE9800C744F1 /* Textfields */ = {
			isa = PBXGroup;
			children = (
				4F557AC92C4FC99500C744F1 /* BBTextfieldStyle.swift */,
				4F557ACB2C4FCB3800C744F1 /* BBTextField.swift */,
				4F557ACD2C4FCE9400C744F1 /* BBNumberField.swift */,
			);
			path = Textfields;
			sourceTree = "<group>";
		};
		4F61ED212C43E67B00092522 /* Resources */ = {
			isa = PBXGroup;
			children = (
				A6DFF8102C43E445002FD86A /* Assets.xcassets */,
				A689F7D62C485D08006AA97F /* ExistingPlants.json */,
			);
			path = Resources;
			sourceTree = "<group>";
		};
		4F61ED222C43E68100092522 /* Common */ = {
			isa = PBXGroup;
			children = (
				A62540A22C52D7790010C299 /* SwiftData */,
				4F3AD4D52C4E8599005BB774 /* Keys */,
				4F3AD4D42C4E8594005BB774 /* UIComponents */,
				4F69B9362C452D61005F544E /* Extensions */,
				4F2EFCA12C45256B000FEBFD /* Manager */,
				4F61ED342C43EF1800092522 /* Enumerations */,
				4F69B93D2C454126005F544E /* Launch Screen.storyboard */,
			);
			path = Common;
			sourceTree = "<group>";
		};
		4F61ED342C43EF1800092522 /* Enumerations */ = {
			isa = PBXGroup;
			children = (
				A689F7DF2C4860C1006AA97F /* GrowthStage.swift */,
				A689F7E12C4860F7006AA97F /* WaterRequirement.swift */,
				4F3AD4C72C4E82CF005BB774 /* UDKey.swift */,
			);
			path = Enumerations;
			sourceTree = "<group>";
		};
		4F69B9362C452D61005F544E /* Extensions */ = {
			isa = PBXGroup;
			children = (
				4F69B9372C452D6E005F544E /* CLLocationCoordinate2D.swift */,
				A6660FA22C53EB8300816CD9 /* Image.swift */,
				A6660FA62C5400BD00816CD9 /* CMSampleBuffer.swift */,
				A6660FA82C5400F900816CD9 /* CoreImage.swift */,
			);
			path = Extensions;
			sourceTree = "<group>";
		};
		A62540A22C52D7790010C299 /* SwiftData */ = {
			isa = PBXGroup;
			children = (
				A62540A32C52D7900010C299 /* Plant.swift */,
				A62540A52C52D9810010C299 /* PlantCollection.swift */,
			);
			path = SwiftData;
			sourceTree = "<group>";
		};
		A6DFF8002C43E443002FD86A = {
			isa = PBXGroup;
			children = (
				A6DFF80B2C43E443002FD86A /* BloomBuddy */,
				A6DFF80A2C43E443002FD86A /* Products */,
			);
			sourceTree = "<group>";
		};
		A6DFF80A2C43E443002FD86A /* Products */ = {
			isa = PBXGroup;
			children = (
				A6DFF8092C43E443002FD86A /* BloomBuddy.app */,
			);
			name = Products;
			sourceTree = "<group>";
		};
		A6DFF80B2C43E443002FD86A /* BloomBuddy */ = {
			isa = PBXGroup;
			children = (
				4F3AD4C52C4E8269005BB774 /* App */,
				4F61ED222C43E68100092522 /* Common */,
				4F61ED212C43E67B00092522 /* Resources */,
				A6DFF8122C43E445002FD86A /* BloomBuddy.entitlements */,
				A6DFF8132C43E445002FD86A /* Preview Content */,
			);
			path = BloomBuddy;
			sourceTree = "<group>";
		};
		A6DFF8132C43E445002FD86A /* Preview Content */ = {
			isa = PBXGroup;
			children = (
				A6DFF8142C43E445002FD86A /* Preview Assets.xcassets */,
			);
			path = "Preview Content";
			sourceTree = "<group>";
		};
/* End PBXGroup section */

/* Begin PBXNativeTarget section */
		A6DFF8082C43E443002FD86A /* BloomBuddy */ = {
			isa = PBXNativeTarget;
			buildConfigurationList = A6DFF8182C43E445002FD86A /* Build configuration list for PBXNativeTarget "BloomBuddy" */;
			buildPhases = (
				A6DFF8052C43E443002FD86A /* Sources */,
				A6DFF8062C43E443002FD86A /* Frameworks */,
				A6DFF8072C43E443002FD86A /* Resources */,
				A689F7E42C48621E006AA97F /* Embed Frameworks */,
			);
			buildRules = (
			);
			dependencies = (
			);
			name = BloomBuddy;
			packageProductDependencies = (
				4F90F8532C44752200B57F3D /* Mammut */,
				4F90F8562C44752C00B57F3D /* SwiftChameleon */,
				4F3AD4EC2C4E9AD6005BB774 /* ZapdosKit */,
				A6660FA02C53E9B800816CD9 /* SwiftyCrop */,
			);
			productName = HackathonProject1;
			productReference = A6DFF8092C43E443002FD86A /* BloomBuddy.app */;
			productType = "com.apple.product-type.application";
		};
/* End PBXNativeTarget section */

/* Begin PBXProject section */
		A6DFF8012C43E443002FD86A /* Project object */ = {
			isa = PBXProject;
			attributes = {
				BuildIndependentTargetsInParallel = 1;
				LastSwiftUpdateCheck = 1540;
				LastUpgradeCheck = 1540;
				TargetAttributes = {
					A6DFF8082C43E443002FD86A = {
						CreatedOnToolsVersion = 15.4;
					};
				};
			};
			buildConfigurationList = A6DFF8042C43E443002FD86A /* Build configuration list for PBXProject "BloomBuddy" */;
			compatibilityVersion = "Xcode 14.0";
			developmentRegion = en;
			hasScannedForEncodings = 0;
			knownRegions = (
				en,
				Base,
			);
			mainGroup = A6DFF8002C43E443002FD86A;
			packageReferences = (
				4F90F8522C44752200B57F3D /* XCRemoteSwiftPackageReference "Mammut" */,
				4F90F8552C44752C00B57F3D /* XCRemoteSwiftPackageReference "SwiftChameleon" */,
				A689F7EA2C486974006AA97F /* XCRemoteSwiftPackageReference "SwiftLintPlugins" */,
				4F3AD4EB2C4E9AD6005BB774 /* XCRemoteSwiftPackageReference "ZapdosKit" */,
				A6660F9F2C53E9B800816CD9 /* XCRemoteSwiftPackageReference "SwiftyCrop" */,
			);
			productRefGroup = A6DFF80A2C43E443002FD86A /* Products */;
			projectDirPath = "";
			projectRoot = "";
			targets = (
				A6DFF8082C43E443002FD86A /* BloomBuddy */,
			);
		};
/* End PBXProject section */

/* Begin PBXResourcesBuildPhase section */
		A6DFF8072C43E443002FD86A /* Resources */ = {
			isa = PBXResourcesBuildPhase;
			buildActionMask = 2147483647;
			files = (
				A67CA1EB2C4877F3005F3856 /* ExistingPlants.json in Resources */,
				4F69B93E2C454126005F544E /* Launch Screen.storyboard in Resources */,
				A6DFF8152C43E445002FD86A /* Preview Assets.xcassets in Resources */,
				A6DFF8112C43E445002FD86A /* Assets.xcassets in Resources */,
			);
			runOnlyForDeploymentPostprocessing = 0;
		};
/* End PBXResourcesBuildPhase section */

/* Begin PBXSourcesBuildPhase section */
		A6DFF8052C43E443002FD86A /* Sources */ = {
			isa = PBXSourcesBuildPhase;
			buildActionMask = 2147483647;
			files = (
				4F557AE12C51AA9800C744F1 /* FlipView.swift in Sources */,
				A6660FAB2C5401B200816CD9 /* CameraVM.swift in Sources */,
				4F3AD4E02C4E87D0005BB774 /* TipDetail.swift in Sources */,
				4F3AD4C82C4E82CF005BB774 /* UDKey.swift in Sources */,
				A689F7E22C4860F7006AA97F /* WaterRequirement.swift in Sources */,
				4F3AD4CF2C4E8531005BB774 /* WeatherExtraInfo.swift in Sources */,
				4F557AD12C4FD32400C744F1 /* PlantList.swift in Sources */,
				4F3AD4E52C4E8FE2005BB774 /* PlantRow.swift in Sources */,
				4F557AE52C51ABD700C744F1 /* PlantRowBack.swift in Sources */,
				A62540A62C52D9810010C299 /* PlantCollection.swift in Sources */,
				A6660FAD2C5401F900816CD9 /* CameraView.swift in Sources */,
				A6660FA32C53EB8300816CD9 /* Image.swift in Sources */,
				A6660FA52C53FE8800816CD9 /* CameraManager.swift in Sources */,
				4F3AD4D92C4E85C7005BB774 /* BackgroundView.swift in Sources */,
				A689F7D72C485D08006AA97F /* ExistingPlants.json in Sources */,
				4F75873D2C4F0D6D00474424 /* PlantDetailAdd.swift in Sources */,
				4F3AD4DE2C4E87C6005BB774 /* TipCard.swift in Sources */,
				4F557ACA2C4FC99500C744F1 /* BBTextfieldStyle.swift in Sources */,
				4F3AD4CB2C4E84DE005BB774 /* WeatherCard.swift in Sources */,
				A6660FA72C5400BD00816CD9 /* CMSampleBuffer.swift in Sources */,
				4F2EFCA32C452B0B000FEBFD /* LocationManager.swift in Sources */,
				A6660FA92C5400F900816CD9 /* CoreImage.swift in Sources */,
				4F557ACE2C4FCE9400C744F1 /* BBNumberField.swift in Sources */,
				4F3AD4DB2C4E86AA005BB774 /* MainScreen.swift in Sources */,
				4F3AD4D72C4E85AB005BB774 /* ScrollOffsetKey.swift in Sources */,
				4F557ACC2C4FCB3800C744F1 /* BBTextField.swift in Sources */,
				4F557AE32C51AAE000C744F1 /* PlantRowFront.swift in Sources */,
				4F3AD4D32C4E854B005BB774 /* WeatherScrollHeader.swift in Sources */,
				A6DFF80D2C43E443002FD86A /* BloomBuddyApp.swift in Sources */,
				4F557AC62C4FA87500C744F1 /* WaterRequirementButtons.swift in Sources */,
				A689F7E02C4860C1006AA97F /* GrowthStage.swift in Sources */,
				4F557AC82C4FA98900C744F1 /* PlantImage.swift in Sources */,
				4F3AD4CD2C4E84F7005BB774 /* WeatherCardForecast.swift in Sources */,
				4F69B9382C452D6E005F544E /* CLLocationCoordinate2D.swift in Sources */,
				A62540A42C52D7900010C299 /* Plant.swift in Sources */,
				4F3AD4D12C4E8539005BB774 /* WeatherScreen.swift in Sources */,
				4F3AD4E22C4E8FD4005BB774 /* PlantsScreen.swift in Sources */,
			);
			runOnlyForDeploymentPostprocessing = 0;
		};
/* End PBXSourcesBuildPhase section */

/* Begin XCBuildConfiguration section */
		A6DFF8162C43E445002FD86A /* Debug */ = {
			isa = XCBuildConfiguration;
			buildSettings = {
				ALWAYS_SEARCH_USER_PATHS = NO;
				ASSETCATALOG_COMPILER_GENERATE_SWIFT_ASSET_SYMBOL_EXTENSIONS = YES;
				CLANG_ANALYZER_NONNULL = YES;
				CLANG_ANALYZER_NUMBER_OBJECT_CONVERSION = YES_AGGRESSIVE;
				CLANG_CXX_LANGUAGE_STANDARD = "gnu++20";
				CLANG_ENABLE_MODULES = YES;
				CLANG_ENABLE_OBJC_ARC = YES;
				CLANG_ENABLE_OBJC_WEAK = YES;
				CLANG_WARN_BLOCK_CAPTURE_AUTORELEASING = YES;
				CLANG_WARN_BOOL_CONVERSION = YES;
				CLANG_WARN_COMMA = YES;
				CLANG_WARN_CONSTANT_CONVERSION = YES;
				CLANG_WARN_DEPRECATED_OBJC_IMPLEMENTATIONS = YES;
				CLANG_WARN_DIRECT_OBJC_ISA_USAGE = YES_ERROR;
				CLANG_WARN_DOCUMENTATION_COMMENTS = YES;
				CLANG_WARN_EMPTY_BODY = YES;
				CLANG_WARN_ENUM_CONVERSION = YES;
				CLANG_WARN_INFINITE_RECURSION = YES;
				CLANG_WARN_INT_CONVERSION = YES;
				CLANG_WARN_NON_LITERAL_NULL_CONVERSION = YES;
				CLANG_WARN_OBJC_IMPLICIT_RETAIN_SELF = YES;
				CLANG_WARN_OBJC_LITERAL_CONVERSION = YES;
				CLANG_WARN_OBJC_ROOT_CLASS = YES_ERROR;
				CLANG_WARN_QUOTED_INCLUDE_IN_FRAMEWORK_HEADER = YES;
				CLANG_WARN_RANGE_LOOP_ANALYSIS = YES;
				CLANG_WARN_STRICT_PROTOTYPES = YES;
				CLANG_WARN_SUSPICIOUS_MOVE = YES;
				CLANG_WARN_UNGUARDED_AVAILABILITY = YES_AGGRESSIVE;
				CLANG_WARN_UNREACHABLE_CODE = YES;
				CLANG_WARN__DUPLICATE_METHOD_MATCH = YES;
				COPY_PHASE_STRIP = NO;
				DEBUG_INFORMATION_FORMAT = dwarf;
				ENABLE_STRICT_OBJC_MSGSEND = YES;
				ENABLE_TESTABILITY = YES;
				ENABLE_USER_SCRIPT_SANDBOXING = YES;
				GCC_C_LANGUAGE_STANDARD = gnu17;
				GCC_DYNAMIC_NO_PIC = NO;
				GCC_NO_COMMON_BLOCKS = YES;
				GCC_OPTIMIZATION_LEVEL = 0;
				GCC_PREPROCESSOR_DEFINITIONS = (
					"DEBUG=1",
					"$(inherited)",
				);
				GCC_WARN_64_TO_32_BIT_CONVERSION = YES;
				GCC_WARN_ABOUT_RETURN_TYPE = YES_ERROR;
				GCC_WARN_UNDECLARED_SELECTOR = YES;
				GCC_WARN_UNINITIALIZED_AUTOS = YES_AGGRESSIVE;
				GCC_WARN_UNUSED_FUNCTION = YES;
				GCC_WARN_UNUSED_VARIABLE = YES;
				LOCALIZATION_PREFERS_STRING_CATALOGS = YES;
				MTL_ENABLE_DEBUG_INFO = INCLUDE_SOURCE;
				MTL_FAST_MATH = YES;
				ONLY_ACTIVE_ARCH = YES;
				SWIFT_ACTIVE_COMPILATION_CONDITIONS = "DEBUG $(inherited)";
				SWIFT_OPTIMIZATION_LEVEL = "-Onone";
			};
			name = Debug;
		};
		A6DFF8172C43E445002FD86A /* Release */ = {
			isa = XCBuildConfiguration;
			buildSettings = {
				ALWAYS_SEARCH_USER_PATHS = NO;
				ASSETCATALOG_COMPILER_GENERATE_SWIFT_ASSET_SYMBOL_EXTENSIONS = YES;
				CLANG_ANALYZER_NONNULL = YES;
				CLANG_ANALYZER_NUMBER_OBJECT_CONVERSION = YES_AGGRESSIVE;
				CLANG_CXX_LANGUAGE_STANDARD = "gnu++20";
				CLANG_ENABLE_MODULES = YES;
				CLANG_ENABLE_OBJC_ARC = YES;
				CLANG_ENABLE_OBJC_WEAK = YES;
				CLANG_WARN_BLOCK_CAPTURE_AUTORELEASING = YES;
				CLANG_WARN_BOOL_CONVERSION = YES;
				CLANG_WARN_COMMA = YES;
				CLANG_WARN_CONSTANT_CONVERSION = YES;
				CLANG_WARN_DEPRECATED_OBJC_IMPLEMENTATIONS = YES;
				CLANG_WARN_DIRECT_OBJC_ISA_USAGE = YES_ERROR;
				CLANG_WARN_DOCUMENTATION_COMMENTS = YES;
				CLANG_WARN_EMPTY_BODY = YES;
				CLANG_WARN_ENUM_CONVERSION = YES;
				CLANG_WARN_INFINITE_RECURSION = YES;
				CLANG_WARN_INT_CONVERSION = YES;
				CLANG_WARN_NON_LITERAL_NULL_CONVERSION = YES;
				CLANG_WARN_OBJC_IMPLICIT_RETAIN_SELF = YES;
				CLANG_WARN_OBJC_LITERAL_CONVERSION = YES;
				CLANG_WARN_OBJC_ROOT_CLASS = YES_ERROR;
				CLANG_WARN_QUOTED_INCLUDE_IN_FRAMEWORK_HEADER = YES;
				CLANG_WARN_RANGE_LOOP_ANALYSIS = YES;
				CLANG_WARN_STRICT_PROTOTYPES = YES;
				CLANG_WARN_SUSPICIOUS_MOVE = YES;
				CLANG_WARN_UNGUARDED_AVAILABILITY = YES_AGGRESSIVE;
				CLANG_WARN_UNREACHABLE_CODE = YES;
				CLANG_WARN__DUPLICATE_METHOD_MATCH = YES;
				COPY_PHASE_STRIP = NO;
				DEBUG_INFORMATION_FORMAT = "dwarf-with-dsym";
				ENABLE_NS_ASSERTIONS = NO;
				ENABLE_STRICT_OBJC_MSGSEND = YES;
				ENABLE_USER_SCRIPT_SANDBOXING = YES;
				GCC_C_LANGUAGE_STANDARD = gnu17;
				GCC_NO_COMMON_BLOCKS = YES;
				GCC_WARN_64_TO_32_BIT_CONVERSION = YES;
				GCC_WARN_ABOUT_RETURN_TYPE = YES_ERROR;
				GCC_WARN_UNDECLARED_SELECTOR = YES;
				GCC_WARN_UNINITIALIZED_AUTOS = YES_AGGRESSIVE;
				GCC_WARN_UNUSED_FUNCTION = YES;
				GCC_WARN_UNUSED_VARIABLE = YES;
				LOCALIZATION_PREFERS_STRING_CATALOGS = YES;
				MTL_ENABLE_DEBUG_INFO = NO;
				MTL_FAST_MATH = YES;
				SWIFT_COMPILATION_MODE = wholemodule;
			};
			name = Release;
		};
		A6DFF8192C43E445002FD86A /* Debug */ = {
			isa = XCBuildConfiguration;
			buildSettings = {
				ASSETCATALOG_COMPILER_APPICON_NAME = AppIcon;
				ASSETCATALOG_COMPILER_GLOBAL_ACCENT_COLOR_NAME = AccentColor;
				CODE_SIGN_ENTITLEMENTS = BloomBuddy/BloomBuddy.entitlements;
				CODE_SIGN_IDENTITY = "Apple Development";
				CODE_SIGN_STYLE = Automatic;
				CURRENT_PROJECT_VERSION = 9;
				DEVELOPMENT_ASSET_PATHS = "BloomBuddy/Preview\\ Content/Preview\\ Assets.xcassets";
				DEVELOPMENT_TEAM = 68YWPYV749;
				ENABLE_HARDENED_RUNTIME = YES;
				ENABLE_PREVIEWS = YES;
				GENERATE_INFOPLIST_FILE = YES;
				INFOPLIST_FILE = BloomBuddy/Info.plist;
				INFOPLIST_KEY_CFBundleDisplayName = BloomBuddy;
				INFOPLIST_KEY_LSApplicationCategoryType = "public.app-category.lifestyle";
				INFOPLIST_KEY_NSCameraUsageDescription = "Kameranutzung um deine Gartenpflanze zu fotografieren.";
				INFOPLIST_KEY_NSLocationWhenInUseUsageDescription = "Standortabfrage damit Wetterdaten angezeigt werden können.";
				INFOPLIST_KEY_NSPhotoLibraryUsageDescription = "Fotozugriff um Fotos der Pflanze in der App zu nutzen.";
				"INFOPLIST_KEY_UIApplicationSceneManifest_Generation[sdk=iphoneos*]" = YES;
				"INFOPLIST_KEY_UIApplicationSceneManifest_Generation[sdk=iphonesimulator*]" = YES;
				"INFOPLIST_KEY_UIApplicationSupportsIndirectInputEvents[sdk=iphoneos*]" = YES;
				"INFOPLIST_KEY_UIApplicationSupportsIndirectInputEvents[sdk=iphonesimulator*]" = YES;
				"INFOPLIST_KEY_UILaunchScreen_Generation[sdk=iphoneos*]" = YES;
				"INFOPLIST_KEY_UILaunchScreen_Generation[sdk=iphonesimulator*]" = YES;
				INFOPLIST_KEY_UILaunchStoryboardName = "Launch Screen.storyboard";
				"INFOPLIST_KEY_UIStatusBarStyle[sdk=iphoneos*]" = UIStatusBarStyleDefault;
				"INFOPLIST_KEY_UIStatusBarStyle[sdk=iphonesimulator*]" = UIStatusBarStyleDefault;
				INFOPLIST_KEY_UISupportedInterfaceOrientations_iPad = "UIInterfaceOrientationPortrait UIInterfaceOrientationPortraitUpsideDown UIInterfaceOrientationLandscapeLeft UIInterfaceOrientationLandscapeRight";
				INFOPLIST_KEY_UISupportedInterfaceOrientations_iPhone = "UIInterfaceOrientationPortrait UIInterfaceOrientationLandscapeLeft UIInterfaceOrientationLandscapeRight";
				IPHONEOS_DEPLOYMENT_TARGET = 17.0;
				LD_RUNPATH_SEARCH_PATHS = "@executable_path/Frameworks";
				"LD_RUNPATH_SEARCH_PATHS[sdk=macosx*]" = "@executable_path/../Frameworks";
				MACOSX_DEPLOYMENT_TARGET = 14.5;
				MARKETING_VERSION = 1.0;
				PRODUCT_BUNDLE_IDENTIFIER = de.touchthegrass.BloomBuddy;
				PRODUCT_NAME = "$(TARGET_NAME)";
				PROVISIONING_PROFILE_SPECIFIER = "";
				SDKROOT = auto;
				SUPPORTED_PLATFORMS = "iphoneos iphonesimulator";
				SUPPORTS_MACCATALYST = NO;
				SWIFT_EMIT_LOC_STRINGS = YES;
				SWIFT_VERSION = 5.0;
				TARGETED_DEVICE_FAMILY = 1;
			};
			name = Debug;
		};
		A6DFF81A2C43E445002FD86A /* Release */ = {
			isa = XCBuildConfiguration;
			buildSettings = {
				ASSETCATALOG_COMPILER_APPICON_NAME = AppIcon;
				ASSETCATALOG_COMPILER_GLOBAL_ACCENT_COLOR_NAME = AccentColor;
				CODE_SIGN_ENTITLEMENTS = BloomBuddy/BloomBuddy.entitlements;
				CODE_SIGN_IDENTITY = "Apple Development";
				CODE_SIGN_STYLE = Automatic;
				CURRENT_PROJECT_VERSION = 9;
				DEVELOPMENT_ASSET_PATHS = "BloomBuddy/Preview\\ Content/Preview\\ Assets.xcassets";
				DEVELOPMENT_TEAM = 68YWPYV749;
				ENABLE_HARDENED_RUNTIME = YES;
				ENABLE_PREVIEWS = YES;
				GENERATE_INFOPLIST_FILE = YES;
				INFOPLIST_FILE = BloomBuddy/Info.plist;
				INFOPLIST_KEY_CFBundleDisplayName = BloomBuddy;
				INFOPLIST_KEY_LSApplicationCategoryType = "public.app-category.lifestyle";
				INFOPLIST_KEY_NSCameraUsageDescription = "Kameranutzung um deine Gartenpflanze zu fotografieren.";
				INFOPLIST_KEY_NSLocationWhenInUseUsageDescription = "Standortabfrage damit Wetterdaten angezeigt werden können.";
				INFOPLIST_KEY_NSPhotoLibraryUsageDescription = "Fotozugriff um Fotos der Pflanze in der App zu nutzen.";
				"INFOPLIST_KEY_UIApplicationSceneManifest_Generation[sdk=iphoneos*]" = YES;
				"INFOPLIST_KEY_UIApplicationSceneManifest_Generation[sdk=iphonesimulator*]" = YES;
				"INFOPLIST_KEY_UIApplicationSupportsIndirectInputEvents[sdk=iphoneos*]" = YES;
				"INFOPLIST_KEY_UIApplicationSupportsIndirectInputEvents[sdk=iphonesimulator*]" = YES;
				"INFOPLIST_KEY_UILaunchScreen_Generation[sdk=iphoneos*]" = YES;
				"INFOPLIST_KEY_UILaunchScreen_Generation[sdk=iphonesimulator*]" = YES;
				INFOPLIST_KEY_UILaunchStoryboardName = "Launch Screen.storyboard";
				"INFOPLIST_KEY_UIStatusBarStyle[sdk=iphoneos*]" = UIStatusBarStyleDefault;
				"INFOPLIST_KEY_UIStatusBarStyle[sdk=iphonesimulator*]" = UIStatusBarStyleDefault;
				INFOPLIST_KEY_UISupportedInterfaceOrientations_iPad = "UIInterfaceOrientationPortrait UIInterfaceOrientationPortraitUpsideDown UIInterfaceOrientationLandscapeLeft UIInterfaceOrientationLandscapeRight";
				INFOPLIST_KEY_UISupportedInterfaceOrientations_iPhone = "UIInterfaceOrientationPortrait UIInterfaceOrientationLandscapeLeft UIInterfaceOrientationLandscapeRight";
				IPHONEOS_DEPLOYMENT_TARGET = 17.0;
				LD_RUNPATH_SEARCH_PATHS = "@executable_path/Frameworks";
				"LD_RUNPATH_SEARCH_PATHS[sdk=macosx*]" = "@executable_path/../Frameworks";
				MACOSX_DEPLOYMENT_TARGET = 14.5;
				MARKETING_VERSION = 1.0;
				PRODUCT_BUNDLE_IDENTIFIER = de.touchthegrass.BloomBuddy;
				PRODUCT_NAME = "$(TARGET_NAME)";
				PROVISIONING_PROFILE_SPECIFIER = "";
				SDKROOT = auto;
				SUPPORTED_PLATFORMS = "iphoneos iphonesimulator";
				SUPPORTS_MACCATALYST = NO;
				SWIFT_EMIT_LOC_STRINGS = YES;
				SWIFT_VERSION = 5.0;
				TARGETED_DEVICE_FAMILY = 1;
			};
			name = Release;
		};
/* End XCBuildConfiguration section */

/* Begin XCConfigurationList section */
		A6DFF8042C43E443002FD86A /* Build configuration list for PBXProject "BloomBuddy" */ = {
			isa = XCConfigurationList;
			buildConfigurations = (
				A6DFF8162C43E445002FD86A /* Debug */,
				A6DFF8172C43E445002FD86A /* Release */,
			);
			defaultConfigurationIsVisible = 0;
			defaultConfigurationName = Release;
		};
		A6DFF8182C43E445002FD86A /* Build configuration list for PBXNativeTarget "BloomBuddy" */ = {
			isa = XCConfigurationList;
			buildConfigurations = (
				A6DFF8192C43E445002FD86A /* Debug */,
				A6DFF81A2C43E445002FD86A /* Release */,
			);
			defaultConfigurationIsVisible = 0;
			defaultConfigurationName = Release;
		};
/* End XCConfigurationList section */

/* Begin XCRemoteSwiftPackageReference section */
		4F3AD4EB2C4E9AD6005BB774 /* XCRemoteSwiftPackageReference "ZapdosKit" */ = {
			isa = XCRemoteSwiftPackageReference;
			repositoryURL = "https://github.com/MiaKoring/ZapdosKit.git";
			requirement = {
				branch = main;
				kind = branch;
			};
		};
		4F90F8522C44752200B57F3D /* XCRemoteSwiftPackageReference "Mammut" */ = {
			isa = XCRemoteSwiftPackageReference;
			repositoryURL = "https://github.com/simon-zwicker/Mammut";
			requirement = {
				branch = main;
				kind = branch;
			};
		};
		4F90F8552C44752C00B57F3D /* XCRemoteSwiftPackageReference "SwiftChameleon" */ = {
			isa = XCRemoteSwiftPackageReference;
			repositoryURL = "https://github.com/simon-zwicker/SwiftChameleon";
			requirement = {
				branch = main;
				kind = branch;
			};
		};
		A6660F9F2C53E9B800816CD9 /* XCRemoteSwiftPackageReference "SwiftyCrop" */ = {
			isa = XCRemoteSwiftPackageReference;
			repositoryURL = "https://github.com/benedom/SwiftyCrop.git";
			requirement = {
				branch = master;
				kind = branch;
			};
		};
		A689F7EA2C486974006AA97F /* XCRemoteSwiftPackageReference "SwiftLintPlugins" */ = {
			isa = XCRemoteSwiftPackageReference;
			repositoryURL = "https://github.com/SimplyDanny/SwiftLintPlugins";
			requirement = {
				kind = upToNextMajorVersion;
				minimumVersion = 0.55.1;
			};
		};
/* End XCRemoteSwiftPackageReference section */

/* Begin XCSwiftPackageProductDependency section */
		4F3AD4EC2C4E9AD6005BB774 /* ZapdosKit */ = {
			isa = XCSwiftPackageProductDependency;
			package = 4F3AD4EB2C4E9AD6005BB774 /* XCRemoteSwiftPackageReference "ZapdosKit" */;
			productName = ZapdosKit;
		};
		4F90F8532C44752200B57F3D /* Mammut */ = {
			isa = XCSwiftPackageProductDependency;
			package = 4F90F8522C44752200B57F3D /* XCRemoteSwiftPackageReference "Mammut" */;
			productName = Mammut;
		};
		4F90F8562C44752C00B57F3D /* SwiftChameleon */ = {
			isa = XCSwiftPackageProductDependency;
			package = 4F90F8552C44752C00B57F3D /* XCRemoteSwiftPackageReference "SwiftChameleon" */;
			productName = SwiftChameleon;
		};
		A6660FA02C53E9B800816CD9 /* SwiftyCrop */ = {
			isa = XCSwiftPackageProductDependency;
			package = A6660F9F2C53E9B800816CD9 /* XCRemoteSwiftPackageReference "SwiftyCrop" */;
			productName = SwiftyCrop;
		};
/* End XCSwiftPackageProductDependency section */
	};
	rootObject = A6DFF8012C43E443002FD86A /* Project object */;
}
