// !$*UTF8*$!
{
	archiveVersion = 1;
	classes = {
	};
	objectVersion = 56;
	objects = {

/* Begin PBXBuildFile section */
		4F2EFCA02C451039000FEBFD /* CurrentWeather.swift in Sources */ = {isa = PBXBuildFile; fileRef = 4F2EFC9F2C451039000FEBFD /* CurrentWeather.swift */; };
		4F2EFCA32C452B0B000FEBFD /* LocationManager.swift in Sources */ = {isa = PBXBuildFile; fileRef = 4F2EFCA22C452B0B000FEBFD /* LocationManager.swift */; };
		4F430B402C447A2F00AF7CCD /* PlantAPI.swift in Sources */ = {isa = PBXBuildFile; fileRef = 4F430B3F2C447A2F00AF7CCD /* PlantAPI.swift */; };
		4F430B432C447A3700AF7CCD /* Plant.swift in Sources */ = {isa = PBXBuildFile; fileRef = 4F430B412C447A3700AF7CCD /* Plant.swift */; };
		4F430B442C447A3700AF7CCD /* PocketBase.swift in Sources */ = {isa = PBXBuildFile; fileRef = 4F430B422C447A3700AF7CCD /* PocketBase.swift */; };
		4F430B472C447A4500AF7CCD /* PlantListView.swift in Sources */ = {isa = PBXBuildFile; fileRef = 4F430B452C447A4500AF7CCD /* PlantListView.swift */; };
		4F430B492C4480FE00AF7CCD /* SunBackgroundView.swift in Sources */ = {isa = PBXBuildFile; fileRef = 4F430B482C4480FE00AF7CCD /* SunBackgroundView.swift */; };
		4F430B4B2C44811A00AF7CCD /* HourlyWeatherData.swift in Sources */ = {isa = PBXBuildFile; fileRef = 4F430B4A2C44811A00AF7CCD /* HourlyWeatherData.swift */; };
		4F61ED282C43E6BD00092522 /* ErrorObj.swift in Sources */ = {isa = PBXBuildFile; fileRef = 4F61ED272C43E6BD00092522 /* ErrorObj.swift */; };
		4F61ED2A2C43E6F600092522 /* NetworkEnv.swift in Sources */ = {isa = PBXBuildFile; fileRef = 4F61ED292C43E6F600092522 /* NetworkEnv.swift */; };
		4F61ED2D2C43E79400092522 /* Network.swift in Sources */ = {isa = PBXBuildFile; fileRef = 4F61ED2C2C43E79400092522 /* Network.swift */; };
		4F61ED2F2C43E9D500092522 /* WeatherAPI.swift in Sources */ = {isa = PBXBuildFile; fileRef = 4F61ED2E2C43E9D500092522 /* WeatherAPI.swift */; };
		4F61ED312C43EAC700092522 /* Weather.swift in Sources */ = {isa = PBXBuildFile; fileRef = 4F61ED302C43EAC700092522 /* Weather.swift */; };
		4F61ED332C43EB6D00092522 /* Hourly.swift in Sources */ = {isa = PBXBuildFile; fileRef = 4F61ED322C43EB6D00092522 /* Hourly.swift */; };
		4F61ED362C43EF2300092522 /* WeatherType.swift in Sources */ = {isa = PBXBuildFile; fileRef = 4F61ED352C43EF2300092522 /* WeatherType.swift */; };
		4F61ED392C43EFB900092522 /* WeatherCardView.swift in Sources */ = {isa = PBXBuildFile; fileRef = 4F61ED382C43EFB900092522 /* WeatherCardView.swift */; };
		4F61ED3B2C43F10600092522 /* ForecastView.swift in Sources */ = {isa = PBXBuildFile; fileRef = 4F61ED3A2C43F10600092522 /* ForecastView.swift */; };
		4F69B9382C452D6E005F544E /* CLLocationCoordinate2D.swift in Sources */ = {isa = PBXBuildFile; fileRef = 4F69B9372C452D6E005F544E /* CLLocationCoordinate2D.swift */; };
		4F69B93C2C4538BE005F544E /* PlantCard.swift in Sources */ = {isa = PBXBuildFile; fileRef = 4F69B93B2C4538BE005F544E /* PlantCard.swift */; };
		4F69B93E2C454126005F544E /* Launch Screen.storyboard in Resources */ = {isa = PBXBuildFile; fileRef = 4F69B93D2C454126005F544E /* Launch Screen.storyboard */; };
		4F90F8512C44748500B57F3D /* TipsView.swift in Sources */ = {isa = PBXBuildFile; fileRef = 4F90F84E2C44748500B57F3D /* TipsView.swift */; };
		4F90F8542C44752200B57F3D /* Mammut in Frameworks */ = {isa = PBXBuildFile; productRef = 4F90F8532C44752200B57F3D /* Mammut */; };
		4F90F8572C44752C00B57F3D /* SwiftChameleon in Frameworks */ = {isa = PBXBuildFile; productRef = 4F90F8562C44752C00B57F3D /* SwiftChameleon */; };
		A6DFF80D2C43E443002FD86A /* HackathonProject1App.swift in Sources */ = {isa = PBXBuildFile; fileRef = A6DFF80C2C43E443002FD86A /* HackathonProject1App.swift */; };
		A6DFF80F2C43E443002FD86A /* MainView.swift in Sources */ = {isa = PBXBuildFile; fileRef = A6DFF80E2C43E443002FD86A /* MainView.swift */; };
		A6DFF8112C43E445002FD86A /* Assets.xcassets in Resources */ = {isa = PBXBuildFile; fileRef = A6DFF8102C43E445002FD86A /* Assets.xcassets */; };
		A6DFF8152C43E445002FD86A /* Preview Assets.xcassets in Resources */ = {isa = PBXBuildFile; fileRef = A6DFF8142C43E445002FD86A /* Preview Assets.xcassets */; };
/* End PBXBuildFile section */

/* Begin PBXFileReference section */
		4F2EFC9F2C451039000FEBFD /* CurrentWeather.swift */ = {isa = PBXFileReference; lastKnownFileType = sourcecode.swift; path = CurrentWeather.swift; sourceTree = "<group>"; };
		4F2EFCA22C452B0B000FEBFD /* LocationManager.swift */ = {isa = PBXFileReference; lastKnownFileType = sourcecode.swift; path = LocationManager.swift; sourceTree = "<group>"; };
		4F430B3F2C447A2F00AF7CCD /* PlantAPI.swift */ = {isa = PBXFileReference; fileEncoding = 4; lastKnownFileType = sourcecode.swift; path = PlantAPI.swift; sourceTree = "<group>"; };
		4F430B412C447A3700AF7CCD /* Plant.swift */ = {isa = PBXFileReference; fileEncoding = 4; lastKnownFileType = sourcecode.swift; path = Plant.swift; sourceTree = "<group>"; };
		4F430B422C447A3700AF7CCD /* PocketBase.swift */ = {isa = PBXFileReference; fileEncoding = 4; lastKnownFileType = sourcecode.swift; path = PocketBase.swift; sourceTree = "<group>"; };
		4F430B452C447A4500AF7CCD /* PlantListView.swift */ = {isa = PBXFileReference; fileEncoding = 4; lastKnownFileType = sourcecode.swift; path = PlantListView.swift; sourceTree = "<group>"; };
		4F430B482C4480FE00AF7CCD /* SunBackgroundView.swift */ = {isa = PBXFileReference; fileEncoding = 4; lastKnownFileType = sourcecode.swift; path = SunBackgroundView.swift; sourceTree = "<group>"; };
		4F430B4A2C44811A00AF7CCD /* HourlyWeatherData.swift */ = {isa = PBXFileReference; fileEncoding = 4; lastKnownFileType = sourcecode.swift; path = HourlyWeatherData.swift; sourceTree = "<group>"; };
		4F61ED272C43E6BD00092522 /* ErrorObj.swift */ = {isa = PBXFileReference; lastKnownFileType = sourcecode.swift; path = ErrorObj.swift; sourceTree = "<group>"; };
		4F61ED292C43E6F600092522 /* NetworkEnv.swift */ = {isa = PBXFileReference; lastKnownFileType = sourcecode.swift; path = NetworkEnv.swift; sourceTree = "<group>"; };
		4F61ED2C2C43E79400092522 /* Network.swift */ = {isa = PBXFileReference; lastKnownFileType = sourcecode.swift; path = Network.swift; sourceTree = "<group>"; };
		4F61ED2E2C43E9D500092522 /* WeatherAPI.swift */ = {isa = PBXFileReference; lastKnownFileType = sourcecode.swift; path = WeatherAPI.swift; sourceTree = "<group>"; };
		4F61ED302C43EAC700092522 /* Weather.swift */ = {isa = PBXFileReference; lastKnownFileType = sourcecode.swift; path = Weather.swift; sourceTree = "<group>"; };
		4F61ED322C43EB6D00092522 /* Hourly.swift */ = {isa = PBXFileReference; lastKnownFileType = sourcecode.swift; path = Hourly.swift; sourceTree = "<group>"; };
		4F61ED352C43EF2300092522 /* WeatherType.swift */ = {isa = PBXFileReference; lastKnownFileType = sourcecode.swift; path = WeatherType.swift; sourceTree = "<group>"; };
		4F61ED382C43EFB900092522 /* WeatherCardView.swift */ = {isa = PBXFileReference; lastKnownFileType = sourcecode.swift; path = WeatherCardView.swift; sourceTree = "<group>"; };
		4F61ED3A2C43F10600092522 /* ForecastView.swift */ = {isa = PBXFileReference; lastKnownFileType = sourcecode.swift; path = ForecastView.swift; sourceTree = "<group>"; };
		4F69B9372C452D6E005F544E /* CLLocationCoordinate2D.swift */ = {isa = PBXFileReference; lastKnownFileType = sourcecode.swift; path = CLLocationCoordinate2D.swift; sourceTree = "<group>"; };
		4F69B93B2C4538BE005F544E /* PlantCard.swift */ = {isa = PBXFileReference; lastKnownFileType = sourcecode.swift; path = PlantCard.swift; sourceTree = "<group>"; };
		4F69B93D2C454126005F544E /* Launch Screen.storyboard */ = {isa = PBXFileReference; lastKnownFileType = file.storyboard; path = "Launch Screen.storyboard"; sourceTree = "<group>"; };
		4F90F84E2C44748500B57F3D /* TipsView.swift */ = {isa = PBXFileReference; fileEncoding = 4; lastKnownFileType = sourcecode.swift; path = TipsView.swift; sourceTree = "<group>"; };
		A6DFF8092C43E443002FD86A /* HackathonProject1.app */ = {isa = PBXFileReference; explicitFileType = wrapper.application; includeInIndex = 0; path = HackathonProject1.app; sourceTree = BUILT_PRODUCTS_DIR; };
		A6DFF80C2C43E443002FD86A /* HackathonProject1App.swift */ = {isa = PBXFileReference; lastKnownFileType = sourcecode.swift; path = HackathonProject1App.swift; sourceTree = "<group>"; };
		A6DFF80E2C43E443002FD86A /* MainView.swift */ = {isa = PBXFileReference; lastKnownFileType = sourcecode.swift; path = MainView.swift; sourceTree = "<group>"; };
		A6DFF8102C43E445002FD86A /* Assets.xcassets */ = {isa = PBXFileReference; lastKnownFileType = folder.assetcatalog; path = Assets.xcassets; sourceTree = "<group>"; };
		A6DFF8122C43E445002FD86A /* HackathonProject1.entitlements */ = {isa = PBXFileReference; lastKnownFileType = text.plist.entitlements; path = HackathonProject1.entitlements; sourceTree = "<group>"; };
		A6DFF8142C43E445002FD86A /* Preview Assets.xcassets */ = {isa = PBXFileReference; lastKnownFileType = folder.assetcatalog; path = "Preview Assets.xcassets"; sourceTree = "<group>"; };
/* End PBXFileReference section */

/* Begin PBXFrameworksBuildPhase section */
		A6DFF8062C43E443002FD86A /* Frameworks */ = {
			isa = PBXFrameworksBuildPhase;
			buildActionMask = 2147483647;
			files = (
				4F90F8542C44752200B57F3D /* Mammut in Frameworks */,
				4F90F8572C44752C00B57F3D /* SwiftChameleon in Frameworks */,
			);
			runOnlyForDeploymentPostprocessing = 0;
		};
/* End PBXFrameworksBuildPhase section */

/* Begin PBXGroup section */
		4F2EFCA12C45256B000FEBFD /* Manager */ = {
			isa = PBXGroup;
			children = (
				4F2EFCA22C452B0B000FEBFD /* LocationManager.swift */,
			);
			path = Manager;
			sourceTree = "<group>";
		};
		4F430B462C447A4500AF7CCD /* Plants */ = {
			isa = PBXGroup;
			children = (
				4F430B452C447A4500AF7CCD /* PlantListView.swift */,
				4F69B93B2C4538BE005F544E /* PlantCard.swift */,
			);
			path = Plants;
			sourceTree = "<group>";
		};
		4F430B4C2C44813100AF7CCD /* Models */ = {
			isa = PBXGroup;
			children = (
				4F430B4A2C44811A00AF7CCD /* HourlyWeatherData.swift */,
			);
			path = Models;
			sourceTree = "<group>";
		};
		4F61ED212C43E67B00092522 /* Resources */ = {
			isa = PBXGroup;
			children = (
				A6DFF8102C43E445002FD86A /* Assets.xcassets */,
			);
			path = Resources;
			sourceTree = "<group>";
		};
		4F61ED222C43E68100092522 /* Common */ = {
			isa = PBXGroup;
			children = (
				4F69B9362C452D61005F544E /* Extensions */,
				4F2EFCA12C45256B000FEBFD /* Manager */,
				4F430B4C2C44813100AF7CCD /* Models */,
				4F61ED342C43EF1800092522 /* Enumerations */,
				4F61ED252C43E69700092522 /* Network */,
				4F69B93D2C454126005F544E /* Launch Screen.storyboard */,
			);
			path = Common;
			sourceTree = "<group>";
		};
		4F61ED232C43E68500092522 /* App */ = {
			isa = PBXGroup;
			children = (
				4F430B462C447A4500AF7CCD /* Plants */,
				4F90F84F2C44748500B57F3D /* Tips */,
				4F61ED372C43EFA400092522 /* WeatherCard */,
				4F61ED242C43E68B00092522 /* Main */,
			);
			path = App;
			sourceTree = "<group>";
		};
		4F61ED242C43E68B00092522 /* Main */ = {
			isa = PBXGroup;
			children = (
				A6DFF80C2C43E443002FD86A /* HackathonProject1App.swift */,
				A6DFF80E2C43E443002FD86A /* MainView.swift */,
			);
			path = Main;
			sourceTree = "<group>";
		};
		4F61ED252C43E69700092522 /* Network */ = {
			isa = PBXGroup;
			children = (
				4F430B3F2C447A2F00AF7CCD /* PlantAPI.swift */,
				4F61ED262C43E69B00092522 /* Response */,
				4F61ED292C43E6F600092522 /* NetworkEnv.swift */,
				4F61ED2C2C43E79400092522 /* Network.swift */,
				4F61ED2E2C43E9D500092522 /* WeatherAPI.swift */,
			);
			path = Network;
			sourceTree = "<group>";
		};
		4F61ED262C43E69B00092522 /* Response */ = {
			isa = PBXGroup;
			children = (
				4F430B412C447A3700AF7CCD /* Plant.swift */,
				4F430B422C447A3700AF7CCD /* PocketBase.swift */,
				4F61ED272C43E6BD00092522 /* ErrorObj.swift */,
				4F61ED302C43EAC700092522 /* Weather.swift */,
				4F61ED322C43EB6D00092522 /* Hourly.swift */,
				4F2EFC9F2C451039000FEBFD /* CurrentWeather.swift */,
			);
			path = Response;
			sourceTree = "<group>";
		};
		4F61ED342C43EF1800092522 /* Enumerations */ = {
			isa = PBXGroup;
			children = (
				4F61ED352C43EF2300092522 /* WeatherType.swift */,
			);
			path = Enumerations;
			sourceTree = "<group>";
		};
		4F61ED372C43EFA400092522 /* WeatherCard */ = {
			isa = PBXGroup;
			children = (
				4F430B482C4480FE00AF7CCD /* SunBackgroundView.swift */,
				4F61ED382C43EFB900092522 /* WeatherCardView.swift */,
				4F61ED3A2C43F10600092522 /* ForecastView.swift */,
			);
			path = WeatherCard;
			sourceTree = "<group>";
		};
		4F69B9362C452D61005F544E /* Extensions */ = {
			isa = PBXGroup;
			children = (
				4F69B9372C452D6E005F544E /* CLLocationCoordinate2D.swift */,
			);
			path = Extensions;
			sourceTree = "<group>";
		};
		4F90F84F2C44748500B57F3D /* Tips */ = {
			isa = PBXGroup;
			children = (
				4F90F84E2C44748500B57F3D /* TipsView.swift */,
			);
			path = Tips;
			sourceTree = "<group>";
		};
		A6DFF8002C43E443002FD86A = {
			isa = PBXGroup;
			children = (
				A6DFF80B2C43E443002FD86A /* HackathonProject1 */,
				A6DFF80A2C43E443002FD86A /* Products */,
			);
			sourceTree = "<group>";
		};
		A6DFF80A2C43E443002FD86A /* Products */ = {
			isa = PBXGroup;
			children = (
				A6DFF8092C43E443002FD86A /* HackathonProject1.app */,
			);
			name = Products;
			sourceTree = "<group>";
		};
		A6DFF80B2C43E443002FD86A /* HackathonProject1 */ = {
			isa = PBXGroup;
			children = (
				4F61ED232C43E68500092522 /* App */,
				4F61ED222C43E68100092522 /* Common */,
				4F61ED212C43E67B00092522 /* Resources */,
				A6DFF8122C43E445002FD86A /* HackathonProject1.entitlements */,
				A6DFF8132C43E445002FD86A /* Preview Content */,
			);
			path = HackathonProject1;
			sourceTree = "<group>";
		};
		A6DFF8132C43E445002FD86A /* Preview Content */ = {
			isa = PBXGroup;
			children = (
				A6DFF8142C43E445002FD86A /* Preview Assets.xcassets */,
			);
			path = "Preview Content";
			sourceTree = "<group>";
		};
/* End PBXGroup section */

/* Begin PBXNativeTarget section */
		A6DFF8082C43E443002FD86A /* HackathonProject1 */ = {
			isa = PBXNativeTarget;
			buildConfigurationList = A6DFF8182C43E445002FD86A /* Build configuration list for PBXNativeTarget "HackathonProject1" */;
			buildPhases = (
				A6DFF8052C43E443002FD86A /* Sources */,
				A6DFF8062C43E443002FD86A /* Frameworks */,
				A6DFF8072C43E443002FD86A /* Resources */,
			);
			buildRules = (
			);
			dependencies = (
			);
			name = HackathonProject1;
			packageProductDependencies = (
				4F90F8532C44752200B57F3D /* Mammut */,
				4F90F8562C44752C00B57F3D /* SwiftChameleon */,
			);
			productName = HackathonProject1;
			productReference = A6DFF8092C43E443002FD86A /* HackathonProject1.app */;
			productType = "com.apple.product-type.application";
		};
/* End PBXNativeTarget section */

/* Begin PBXProject section */
		A6DFF8012C43E443002FD86A /* Project object */ = {
			isa = PBXProject;
			attributes = {
				BuildIndependentTargetsInParallel = 1;
				LastSwiftUpdateCheck = 1540;
				LastUpgradeCheck = 1540;
				TargetAttributes = {
					A6DFF8082C43E443002FD86A = {
						CreatedOnToolsVersion = 15.4;
					};
				};
			};
			buildConfigurationList = A6DFF8042C43E443002FD86A /* Build configuration list for PBXProject "HackathonProject1" */;
			compatibilityVersion = "Xcode 14.0";
			developmentRegion = en;
			hasScannedForEncodings = 0;
			knownRegions = (
				en,
				Base,
			);
			mainGroup = A6DFF8002C43E443002FD86A;
			packageReferences = (
				4F90F8522C44752200B57F3D /* XCRemoteSwiftPackageReference "Mammut" */,
				4F90F8552C44752C00B57F3D /* XCRemoteSwiftPackageReference "SwiftChameleon" */,
			);
			productRefGroup = A6DFF80A2C43E443002FD86A /* Products */;
			projectDirPath = "";
			projectRoot = "";
			targets = (
				A6DFF8082C43E443002FD86A /* HackathonProject1 */,
			);
		};
/* End PBXProject section */

/* Begin PBXResourcesBuildPhase section */
		A6DFF8072C43E443002FD86A /* Resources */ = {
			isa = PBXResourcesBuildPhase;
			buildActionMask = 2147483647;
			files = (
				4F69B93E2C454126005F544E /* Launch Screen.storyboard in Resources */,
				A6DFF8152C43E445002FD86A /* Preview Assets.xcassets in Resources */,
				A6DFF8112C43E445002FD86A /* Assets.xcassets in Resources */,
			);
			runOnlyForDeploymentPostprocessing = 0;
		};
/* End PBXResourcesBuildPhase section */

/* Begin PBXSourcesBuildPhase section */
		A6DFF8052C43E443002FD86A /* Sources */ = {
			isa = PBXSourcesBuildPhase;
			buildActionMask = 2147483647;
			files = (
				4F61ED2D2C43E79400092522 /* Network.swift in Sources */,
				A6DFF80F2C43E443002FD86A /* MainView.swift in Sources */,
				4F61ED3B2C43F10600092522 /* ForecastView.swift in Sources */,
				4F430B492C4480FE00AF7CCD /* SunBackgroundView.swift in Sources */,
				4F90F8512C44748500B57F3D /* TipsView.swift in Sources */,
				4F61ED332C43EB6D00092522 /* Hourly.swift in Sources */,
				4F61ED2A2C43E6F600092522 /* NetworkEnv.swift in Sources */,
				4F69B93C2C4538BE005F544E /* PlantCard.swift in Sources */,
				4F430B432C447A3700AF7CCD /* Plant.swift in Sources */,
				4F61ED2F2C43E9D500092522 /* WeatherAPI.swift in Sources */,
				4F430B4B2C44811A00AF7CCD /* HourlyWeatherData.swift in Sources */,
				4F430B402C447A2F00AF7CCD /* PlantAPI.swift in Sources */,
				4F2EFCA02C451039000FEBFD /* CurrentWeather.swift in Sources */,
				4F2EFCA32C452B0B000FEBFD /* LocationManager.swift in Sources */,
				4F430B472C447A4500AF7CCD /* PlantListView.swift in Sources */,
				4F61ED392C43EFB900092522 /* WeatherCardView.swift in Sources */,
				4F61ED282C43E6BD00092522 /* ErrorObj.swift in Sources */,
				4F430B442C447A3700AF7CCD /* PocketBase.swift in Sources */,
				A6DFF80D2C43E443002FD86A /* HackathonProject1App.swift in Sources */,
				4F61ED362C43EF2300092522 /* WeatherType.swift in Sources */,
				4F61ED312C43EAC700092522 /* Weather.swift in Sources */,
				4F69B9382C452D6E005F544E /* CLLocationCoordinate2D.swift in Sources */,
			);
			runOnlyForDeploymentPostprocessing = 0;
		};
/* End PBXSourcesBuildPhase section */

/* Begin XCBuildConfiguration section */
		A6DFF8162C43E445002FD86A /* Debug */ = {
			isa = XCBuildConfiguration;
			buildSettings = {
				ALWAYS_SEARCH_USER_PATHS = NO;
				ASSETCATALOG_COMPILER_GENERATE_SWIFT_ASSET_SYMBOL_EXTENSIONS = YES;
				CLANG_ANALYZER_NONNULL = YES;
				CLANG_ANALYZER_NUMBER_OBJECT_CONVERSION = YES_AGGRESSIVE;
				CLANG_CXX_LANGUAGE_STANDARD = "gnu++20";
				CLANG_ENABLE_MODULES = YES;
				CLANG_ENABLE_OBJC_ARC = YES;
				CLANG_ENABLE_OBJC_WEAK = YES;
				CLANG_WARN_BLOCK_CAPTURE_AUTORELEASING = YES;
				CLANG_WARN_BOOL_CONVERSION = YES;
				CLANG_WARN_COMMA = YES;
				CLANG_WARN_CONSTANT_CONVERSION = YES;
				CLANG_WARN_DEPRECATED_OBJC_IMPLEMENTATIONS = YES;
				CLANG_WARN_DIRECT_OBJC_ISA_USAGE = YES_ERROR;
				CLANG_WARN_DOCUMENTATION_COMMENTS = YES;
				CLANG_WARN_EMPTY_BODY = YES;
				CLANG_WARN_ENUM_CONVERSION = YES;
				CLANG_WARN_INFINITE_RECURSION = YES;
				CLANG_WARN_INT_CONVERSION = YES;
				CLANG_WARN_NON_LITERAL_NULL_CONVERSION = YES;
				CLANG_WARN_OBJC_IMPLICIT_RETAIN_SELF = YES;
				CLANG_WARN_OBJC_LITERAL_CONVERSION = YES;
				CLANG_WARN_OBJC_ROOT_CLASS = YES_ERROR;
				CLANG_WARN_QUOTED_INCLUDE_IN_FRAMEWORK_HEADER = YES;
				CLANG_WARN_RANGE_LOOP_ANALYSIS = YES;
				CLANG_WARN_STRICT_PROTOTYPES = YES;
				CLANG_WARN_SUSPICIOUS_MOVE = YES;
				CLANG_WARN_UNGUARDED_AVAILABILITY = YES_AGGRESSIVE;
				CLANG_WARN_UNREACHABLE_CODE = YES;
				CLANG_WARN__DUPLICATE_METHOD_MATCH = YES;
				COPY_PHASE_STRIP = NO;
				DEBUG_INFORMATION_FORMAT = dwarf;
				ENABLE_STRICT_OBJC_MSGSEND = YES;
				ENABLE_TESTABILITY = YES;
				ENABLE_USER_SCRIPT_SANDBOXING = YES;
				GCC_C_LANGUAGE_STANDARD = gnu17;
				GCC_DYNAMIC_NO_PIC = NO;
				GCC_NO_COMMON_BLOCKS = YES;
				GCC_OPTIMIZATION_LEVEL = 0;
				GCC_PREPROCESSOR_DEFINITIONS = (
					"DEBUG=1",
					"$(inherited)",
				);
				GCC_WARN_64_TO_32_BIT_CONVERSION = YES;
				GCC_WARN_ABOUT_RETURN_TYPE = YES_ERROR;
				GCC_WARN_UNDECLARED_SELECTOR = YES;
				GCC_WARN_UNINITIALIZED_AUTOS = YES_AGGRESSIVE;
				GCC_WARN_UNUSED_FUNCTION = YES;
				GCC_WARN_UNUSED_VARIABLE = YES;
				LOCALIZATION_PREFERS_STRING_CATALOGS = YES;
				MTL_ENABLE_DEBUG_INFO = INCLUDE_SOURCE;
				MTL_FAST_MATH = YES;
				ONLY_ACTIVE_ARCH = YES;
				SWIFT_ACTIVE_COMPILATION_CONDITIONS = "DEBUG $(inherited)";
				SWIFT_OPTIMIZATION_LEVEL = "-Onone";
			};
			name = Debug;
		};
		A6DFF8172C43E445002FD86A /* Release */ = {
			isa = XCBuildConfiguration;
			buildSettings = {
				ALWAYS_SEARCH_USER_PATHS = NO;
				ASSETCATALOG_COMPILER_GENERATE_SWIFT_ASSET_SYMBOL_EXTENSIONS = YES;
				CLANG_ANALYZER_NONNULL = YES;
				CLANG_ANALYZER_NUMBER_OBJECT_CONVERSION = YES_AGGRESSIVE;
				CLANG_CXX_LANGUAGE_STANDARD = "gnu++20";
				CLANG_ENABLE_MODULES = YES;
				CLANG_ENABLE_OBJC_ARC = YES;
				CLANG_ENABLE_OBJC_WEAK = YES;
				CLANG_WARN_BLOCK_CAPTURE_AUTORELEASING = YES;
				CLANG_WARN_BOOL_CONVERSION = YES;
				CLANG_WARN_COMMA = YES;
				CLANG_WARN_CONSTANT_CONVERSION = YES;
				CLANG_WARN_DEPRECATED_OBJC_IMPLEMENTATIONS = YES;
				CLANG_WARN_DIRECT_OBJC_ISA_USAGE = YES_ERROR;
				CLANG_WARN_DOCUMENTATION_COMMENTS = YES;
				CLANG_WARN_EMPTY_BODY = YES;
				CLANG_WARN_ENUM_CONVERSION = YES;
				CLANG_WARN_INFINITE_RECURSION = YES;
				CLANG_WARN_INT_CONVERSION = YES;
				CLANG_WARN_NON_LITERAL_NULL_CONVERSION = YES;
				CLANG_WARN_OBJC_IMPLICIT_RETAIN_SELF = YES;
				CLANG_WARN_OBJC_LITERAL_CONVERSION = YES;
				CLANG_WARN_OBJC_ROOT_CLASS = YES_ERROR;
				CLANG_WARN_QUOTED_INCLUDE_IN_FRAMEWORK_HEADER = YES;
				CLANG_WARN_RANGE_LOOP_ANALYSIS = YES;
				CLANG_WARN_STRICT_PROTOTYPES = YES;
				CLANG_WARN_SUSPICIOUS_MOVE = YES;
				CLANG_WARN_UNGUARDED_AVAILABILITY = YES_AGGRESSIVE;
				CLANG_WARN_UNREACHABLE_CODE = YES;
				CLANG_WARN__DUPLICATE_METHOD_MATCH = YES;
				COPY_PHASE_STRIP = NO;
				DEBUG_INFORMATION_FORMAT = "dwarf-with-dsym";
				ENABLE_NS_ASSERTIONS = NO;
				ENABLE_STRICT_OBJC_MSGSEND = YES;
				ENABLE_USER_SCRIPT_SANDBOXING = YES;
				GCC_C_LANGUAGE_STANDARD = gnu17;
				GCC_NO_COMMON_BLOCKS = YES;
				GCC_WARN_64_TO_32_BIT_CONVERSION = YES;
				GCC_WARN_ABOUT_RETURN_TYPE = YES_ERROR;
				GCC_WARN_UNDECLARED_SELECTOR = YES;
				GCC_WARN_UNINITIALIZED_AUTOS = YES_AGGRESSIVE;
				GCC_WARN_UNUSED_FUNCTION = YES;
				GCC_WARN_UNUSED_VARIABLE = YES;
				LOCALIZATION_PREFERS_STRING_CATALOGS = YES;
				MTL_ENABLE_DEBUG_INFO = NO;
				MTL_FAST_MATH = YES;
				SWIFT_COMPILATION_MODE = wholemodule;
			};
			name = Release;
		};
		A6DFF8192C43E445002FD86A /* Debug */ = {
			isa = XCBuildConfiguration;
			buildSettings = {
				ASSETCATALOG_COMPILER_APPICON_NAME = AppIcon;
				ASSETCATALOG_COMPILER_GLOBAL_ACCENT_COLOR_NAME = AccentColor;
				CODE_SIGN_ENTITLEMENTS = HackathonProject1/HackathonProject1.entitlements;
				CODE_SIGN_STYLE = Automatic;
				CURRENT_PROJECT_VERSION = 1;
				DEVELOPMENT_ASSET_PATHS = "\"HackathonProject1/Preview Content\"";
				DEVELOPMENT_TEAM = PSU9VZHG7L;
				ENABLE_HARDENED_RUNTIME = YES;
				ENABLE_PREVIEWS = YES;
				GENERATE_INFOPLIST_FILE = YES;
				INFOPLIST_KEY_NSLocationWhenInUseUsageDescription = "Standortabfrage damit Wetterdaten angezeigt werden können.";
				"INFOPLIST_KEY_UIApplicationSceneManifest_Generation[sdk=iphoneos*]" = YES;
				"INFOPLIST_KEY_UIApplicationSceneManifest_Generation[sdk=iphonesimulator*]" = YES;
				"INFOPLIST_KEY_UIApplicationSupportsIndirectInputEvents[sdk=iphoneos*]" = YES;
				"INFOPLIST_KEY_UIApplicationSupportsIndirectInputEvents[sdk=iphonesimulator*]" = YES;
				"INFOPLIST_KEY_UILaunchScreen_Generation[sdk=iphoneos*]" = YES;
				"INFOPLIST_KEY_UILaunchScreen_Generation[sdk=iphonesimulator*]" = YES;
				"INFOPLIST_KEY_UIStatusBarStyle[sdk=iphoneos*]" = UIStatusBarStyleDefault;
				"INFOPLIST_KEY_UIStatusBarStyle[sdk=iphonesimulator*]" = UIStatusBarStyleDefault;
				INFOPLIST_KEY_UISupportedInterfaceOrientations_iPad = "UIInterfaceOrientationPortrait UIInterfaceOrientationPortraitUpsideDown UIInterfaceOrientationLandscapeLeft UIInterfaceOrientationLandscapeRight";
				INFOPLIST_KEY_UISupportedInterfaceOrientations_iPhone = "UIInterfaceOrientationPortrait UIInterfaceOrientationLandscapeLeft UIInterfaceOrientationLandscapeRight";
				IPHONEOS_DEPLOYMENT_TARGET = 17.0;
				LD_RUNPATH_SEARCH_PATHS = "@executable_path/Frameworks";
				"LD_RUNPATH_SEARCH_PATHS[sdk=macosx*]" = "@executable_path/../Frameworks";
				MACOSX_DEPLOYMENT_TARGET = 14.5;
				MARKETING_VERSION = 1.0;
				PRODUCT_BUNDLE_IDENTIFIER = io.zwicker.hackathon1.HackathonProject1;
				PRODUCT_NAME = "$(TARGET_NAME)";
				SDKROOT = auto;
				SUPPORTED_PLATFORMS = "iphoneos iphonesimulator";
				SUPPORTS_MACCATALYST = NO;
				SWIFT_EMIT_LOC_STRINGS = YES;
				SWIFT_VERSION = 5.0;
				TARGETED_DEVICE_FAMILY = 1;
			};
			name = Debug;
		};
		A6DFF81A2C43E445002FD86A /* Release */ = {
			isa = XCBuildConfiguration;
			buildSettings = {
				ASSETCATALOG_COMPILER_APPICON_NAME = AppIcon;
				ASSETCATALOG_COMPILER_GLOBAL_ACCENT_COLOR_NAME = AccentColor;
				CODE_SIGN_ENTITLEMENTS = HackathonProject1/HackathonProject1.entitlements;
				CODE_SIGN_STYLE = Automatic;
				CURRENT_PROJECT_VERSION = 1;
				DEVELOPMENT_ASSET_PATHS = "\"HackathonProject1/Preview Content\"";
				DEVELOPMENT_TEAM = PSU9VZHG7L;
				ENABLE_HARDENED_RUNTIME = YES;
				ENABLE_PREVIEWS = YES;
				GENERATE_INFOPLIST_FILE = YES;
				INFOPLIST_KEY_NSLocationWhenInUseUsageDescription = "Standortabfrage damit Wetterdaten angezeigt werden können.";
				"INFOPLIST_KEY_UIApplicationSceneManifest_Generation[sdk=iphoneos*]" = YES;
				"INFOPLIST_KEY_UIApplicationSceneManifest_Generation[sdk=iphonesimulator*]" = YES;
				"INFOPLIST_KEY_UIApplicationSupportsIndirectInputEvents[sdk=iphoneos*]" = YES;
				"INFOPLIST_KEY_UIApplicationSupportsIndirectInputEvents[sdk=iphonesimulator*]" = YES;
				"INFOPLIST_KEY_UILaunchScreen_Generation[sdk=iphoneos*]" = YES;
				"INFOPLIST_KEY_UILaunchScreen_Generation[sdk=iphonesimulator*]" = YES;
				"INFOPLIST_KEY_UIStatusBarStyle[sdk=iphoneos*]" = UIStatusBarStyleDefault;
				"INFOPLIST_KEY_UIStatusBarStyle[sdk=iphonesimulator*]" = UIStatusBarStyleDefault;
				INFOPLIST_KEY_UISupportedInterfaceOrientations_iPad = "UIInterfaceOrientationPortrait UIInterfaceOrientationPortraitUpsideDown UIInterfaceOrientationLandscapeLeft UIInterfaceOrientationLandscapeRight";
				INFOPLIST_KEY_UISupportedInterfaceOrientations_iPhone = "UIInterfaceOrientationPortrait UIInterfaceOrientationLandscapeLeft UIInterfaceOrientationLandscapeRight";
				IPHONEOS_DEPLOYMENT_TARGET = 17.0;
				LD_RUNPATH_SEARCH_PATHS = "@executable_path/Frameworks";
				"LD_RUNPATH_SEARCH_PATHS[sdk=macosx*]" = "@executable_path/../Frameworks";
				MACOSX_DEPLOYMENT_TARGET = 14.5;
				MARKETING_VERSION = 1.0;
				PRODUCT_BUNDLE_IDENTIFIER = io.zwicker.hackathon1.HackathonProject1;
				PRODUCT_NAME = "$(TARGET_NAME)";
				SDKROOT = auto;
				SUPPORTED_PLATFORMS = "iphoneos iphonesimulator";
				SUPPORTS_MACCATALYST = NO;
				SWIFT_EMIT_LOC_STRINGS = YES;
				SWIFT_VERSION = 5.0;
				TARGETED_DEVICE_FAMILY = 1;
			};
			name = Release;
		};
/* End XCBuildConfiguration section */

/* Begin XCConfigurationList section */
		A6DFF8042C43E443002FD86A /* Build configuration list for PBXProject "HackathonProject1" */ = {
			isa = XCConfigurationList;
			buildConfigurations = (
				A6DFF8162C43E445002FD86A /* Debug */,
				A6DFF8172C43E445002FD86A /* Release */,
			);
			defaultConfigurationIsVisible = 0;
			defaultConfigurationName = Release;
		};
		A6DFF8182C43E445002FD86A /* Build configuration list for PBXNativeTarget "HackathonProject1" */ = {
			isa = XCConfigurationList;
			buildConfigurations = (
				A6DFF8192C43E445002FD86A /* Debug */,
				A6DFF81A2C43E445002FD86A /* Release */,
			);
			defaultConfigurationIsVisible = 0;
			defaultConfigurationName = Release;
		};
/* End XCConfigurationList section */

/* Begin XCRemoteSwiftPackageReference section */
		4F90F8522C44752200B57F3D /* XCRemoteSwiftPackageReference "Mammut" */ = {
			isa = XCRemoteSwiftPackageReference;
			repositoryURL = "https://github.com/simon-zwicker/Mammut";
			requirement = {
				branch = main;
				kind = branch;
			};
		};
		4F90F8552C44752C00B57F3D /* XCRemoteSwiftPackageReference "SwiftChameleon" */ = {
			isa = XCRemoteSwiftPackageReference;
			repositoryURL = "https://github.com/simon-zwicker/SwiftChameleon";
			requirement = {
				branch = main;
				kind = branch;
			};
		};
/* End XCRemoteSwiftPackageReference section */

/* Begin XCSwiftPackageProductDependency section */
		4F90F8532C44752200B57F3D /* Mammut */ = {
			isa = XCSwiftPackageProductDependency;
			package = 4F90F8522C44752200B57F3D /* XCRemoteSwiftPackageReference "Mammut" */;
			productName = Mammut;
		};
		4F90F8562C44752C00B57F3D /* SwiftChameleon */ = {
			isa = XCSwiftPackageProductDependency;
			package = 4F90F8552C44752C00B57F3D /* XCRemoteSwiftPackageReference "SwiftChameleon" */;
			productName = SwiftChameleon;
		};
/* End XCSwiftPackageProductDependency section */
	};
	rootObject = A6DFF8012C43E443002FD86A /* Project object */;
}
